
Microsoft Visual Studio Solution File, Format Version 12.00
# Visual Studio Version 17
VisualStudioVersion = 17.7.34024.191
MinimumVisualStudioVersion = 10.0.40219.1
Project("{FAE04EC0-301F-11D3-BF4B-00C04F79EFBC}") = "Kursova_Hushchyn", "Kursova_Hushchyn\Kursova_Hushchyn.csproj", "{99919DED-157B-41E7-8A4E-3885AF1112BE}"
EndProject
Global
	GlobalSection(SolutionConfigurationPlatforms) = preSolution
		Debug|Any CPU = Debug|Any CPU
		Release|Any CPU = Release|Any CPU
	EndGlobalSection
	GlobalSection(ProjectConfigurationPlatforms) = postSolution
		{99919DED-157B-41E7-8A4E-3885AF1112BE}.Debug|Any CPU.ActiveCfg = Debug|Any CPU
		{99919DED-157B-41E7-8A4E-3885AF1112BE}.Debug|Any CPU.Build.0 = Debug|Any CPU
		{99919DED-157B-41E7-8A4E-3885AF1112BE}.Release|Any CPU.ActiveCfg = Release|Any CPU
		{99919DED-157B-41E7-8A4E-3885AF1112BE}.Release|Any CPU.Build.0 = Release|Any CPU
	EndGlobalSection
	GlobalSection(SolutionProperties) = preSolution
		HideSolutionNode = FALSE
	EndGlobalSection
	GlobalSection(ExtensibilityGlobals) = postSolution
		SolutionGuid = {D4C0791B-9B9C-4DF7-860F-360961364BD0}
	EndGlobalSection
EndGlobal
